// !$*UTF8*$!
{
	archiveVersion = 1;
	classes = {
	};
	objectVersion = 50;
	objects = {

/* Begin PBXBuildFile section */
		6512709A648A2503AFD8DCF9 /* Pods_NewsFun.framework in Frameworks */ = {isa = PBXBuildFile; fileRef = 8D2CF39CB0F150A5A5E75CAC /* Pods_NewsFun.framework */; };
		B018E37C20B8643800CB0843 /* AppDelegate.swift in Sources */ = {isa = PBXBuildFile; fileRef = B018E37B20B8643800CB0843 /* AppDelegate.swift */; };
		B018E38120B8643800CB0843 /* Main.storyboard in Resources */ = {isa = PBXBuildFile; fileRef = B018E37F20B8643800CB0843 /* Main.storyboard */; };
		B018E38320B8643A00CB0843 /* Assets.xcassets in Resources */ = {isa = PBXBuildFile; fileRef = B018E38220B8643A00CB0843 /* Assets.xcassets */; };
		B018E38620B8643A00CB0843 /* LaunchScreen.storyboard in Resources */ = {isa = PBXBuildFile; fileRef = B018E38420B8643A00CB0843 /* LaunchScreen.storyboard */; };
		B031B01E20B8FDF800B4993B /* NewsHelper.swift in Sources */ = {isa = PBXBuildFile; fileRef = B031B01D20B8FDF800B4993B /* NewsHelper.swift */; };
		B031B02020B8FF4900B4993B /* ArticleTableViewController.swift in Sources */ = {isa = PBXBuildFile; fileRef = B031B01F20B8FF4900B4993B /* ArticleTableViewController.swift */; };
		B031B02220B8FF5F00B4993B /* ArticleWebViewController.swift in Sources */ = {isa = PBXBuildFile; fileRef = B031B02120B8FF5F00B4993B /* ArticleWebViewController.swift */; };
/* End PBXBuildFile section */

/* Begin PBXFileReference section */
		8D2CF39CB0F150A5A5E75CAC /* Pods_NewsFun.framework */ = {isa = PBXFileReference; explicitFileType = wrapper.framework; includeInIndex = 0; path = Pods_NewsFun.framework; sourceTree = BUILT_PRODUCTS_DIR; };
		B018E37820B8643800CB0843 /* NewsFun.app */ = {isa = PBXFileReference; explicitFileType = wrapper.application; includeInIndex = 0; path = NewsFun.app; sourceTree = BUILT_PRODUCTS_DIR; };
		B018E37B20B8643800CB0843 /* AppDelegate.swift */ = {isa = PBXFileReference; lastKnownFileType = sourcecode.swift; path = AppDelegate.swift; sourceTree = "<group>"; };
		B018E38020B8643800CB0843 /* Base */ = {isa = PBXFileReference; lastKnownFileType = file.storyboard; name = Base; path = Base.lproj/Main.storyboard; sourceTree = "<group>"; };
		B018E38220B8643A00CB0843 /* Assets.xcassets */ = {isa = PBXFileReference; lastKnownFileType = folder.assetcatalog; path = Assets.xcassets; sourceTree = "<group>"; };
		B018E38520B8643A00CB0843 /* Base */ = {isa = PBXFileReference; lastKnownFileType = file.storyboard; name = Base; path = Base.lproj/LaunchScreen.storyboard; sourceTree = "<group>"; };
		B018E38720B8643A00CB0843 /* Info.plist */ = {isa = PBXFileReference; lastKnownFileType = text.plist.xml; path = Info.plist; sourceTree = "<group>"; };
		B031B01D20B8FDF800B4993B /* NewsHelper.swift */ = {isa = PBXFileReference; lastKnownFileType = sourcecode.swift; path = NewsHelper.swift; sourceTree = "<group>"; };
		B031B01F20B8FF4900B4993B /* ArticleTableViewController.swift */ = {isa = PBXFileReference; lastKnownFileType = sourcecode.swift; path = ArticleTableViewController.swift; sourceTree = "<group>"; };
		B031B02120B8FF5F00B4993B /* ArticleWebViewController.swift */ = {isa = PBXFileReference; lastKnownFileType = sourcecode.swift; path = ArticleWebViewController.swift; sourceTree = "<group>"; };
		C57C6F242379F7F4DAA95EEB /* Pods-NewsFun.release.xcconfig */ = {isa = PBXFileReference; includeInIndex = 1; lastKnownFileType = text.xcconfig; name = "Pods-NewsFun.release.xcconfig"; path = "Pods/Target Support Files/Pods-NewsFun/Pods-NewsFun.release.xcconfig"; sourceTree = "<group>"; };
		FB2B9D20E085840B8328D19D /* Pods-NewsFun.debug.xcconfig */ = {isa = PBXFileReference; includeInIndex = 1; lastKnownFileType = text.xcconfig; name = "Pods-NewsFun.debug.xcconfig"; path = "Pods/Target Support Files/Pods-NewsFun/Pods-NewsFun.debug.xcconfig"; sourceTree = "<group>"; };
/* End PBXFileReference section */

/* Begin PBXFrameworksBuildPhase section */
		B018E37520B8643800CB0843 /* Frameworks */ = {
			isa = PBXFrameworksBuildPhase;
			buildActionMask = 2147483647;
			files = (
				6512709A648A2503AFD8DCF9 /* Pods_NewsFun.framework in Frameworks */,
			);
			runOnlyForDeploymentPostprocessing = 0;
		};
/* End PBXFrameworksBuildPhase section */

/* Begin PBXGroup section */
		251FAD1069AE04C9DE098132 /* Pods */ = {
			isa = PBXGroup;
			children = (
				FB2B9D20E085840B8328D19D /* Pods-NewsFun.debug.xcconfig */,
				C57C6F242379F7F4DAA95EEB /* Pods-NewsFun.release.xcconfig */,
			);
			name = Pods;
			sourceTree = "<group>";
		};
		7BB09C6D915BD54BA4053B9B /* Frameworks */ = {
			isa = PBXGroup;
			children = (
				8D2CF39CB0F150A5A5E75CAC /* Pods_NewsFun.framework */,
			);
			name = Frameworks;
			sourceTree = "<group>";
		};
		B018E36F20B8643800CB0843 = {
			isa = PBXGroup;
			children = (
				B018E37A20B8643800CB0843 /* NewsFun */,
				B018E37920B8643800CB0843 /* Products */,
				251FAD1069AE04C9DE098132 /* Pods */,
				7BB09C6D915BD54BA4053B9B /* Frameworks */,
			);
			sourceTree = "<group>";
		};
		B018E37920B8643800CB0843 /* Products */ = {
			isa = PBXGroup;
			children = (
				B018E37820B8643800CB0843 /* NewsFun.app */,
			);
			name = Products;
			sourceTree = "<group>";
		};
		B018E37A20B8643800CB0843 /* NewsFun */ = {
			isa = PBXGroup;
			children = (
				B018E37B20B8643800CB0843 /* AppDelegate.swift */,
				B031B02120B8FF5F00B4993B /* ArticleWebViewController.swift */,
				B031B01F20B8FF4900B4993B /* ArticleTableViewController.swift */,
				B031B01D20B8FDF800B4993B /* NewsHelper.swift */,
				B018E37F20B8643800CB0843 /* Main.storyboard */,
				B018E38220B8643A00CB0843 /* Assets.xcassets */,
				B018E38420B8643A00CB0843 /* LaunchScreen.storyboard */,
				B018E38720B8643A00CB0843 /* Info.plist */,
			);
			path = NewsFun;
			sourceTree = "<group>";
		};
/* End PBXGroup section */

/* Begin PBXNativeTarget section */
		B018E37720B8643800CB0843 /* NewsFun */ = {
			isa = PBXNativeTarget;
			buildConfigurationList = B018E38A20B8643A00CB0843 /* Build configuration list for PBXNativeTarget "NewsFun" */;
			buildPhases = (
				AB9851AFF06049A737CA3D99 /* [CP] Check Pods Manifest.lock */,
				B018E37420B8643800CB0843 /* Sources */,
				B018E37520B8643800CB0843 /* Frameworks */,
				B018E37620B8643800CB0843 /* Resources */,
				B7D5F93998BAD7A0587F7885 /* [CP] Embed Pods Frameworks */,
			);
			buildRules = (
			);
			dependencies = (
			);
			name = NewsFun;
			productName = NewsFun;
			productReference = B018E37820B8643800CB0843 /* NewsFun.app */;
			productType = "com.apple.product-type.application";
		};
/* End PBXNativeTarget section */

/* Begin PBXProject section */
		B018E37020B8643800CB0843 /* Project object */ = {
			isa = PBXProject;
			attributes = {
				LastSwiftUpdateCheck = 0930;
				LastUpgradeCheck = 0930;
				ORGANIZATIONNAME = "Rommel Rico";
				TargetAttributes = {
					B018E37720B8643800CB0843 = {
						CreatedOnToolsVersion = 9.3.1;
					};
				};
			};
			buildConfigurationList = B018E37320B8643800CB0843 /* Build configuration list for PBXProject "NewsFun" */;
			compatibilityVersion = "Xcode 9.3";
			developmentRegion = en;
			hasScannedForEncodings = 0;
			knownRegions = (
				en,
				Base,
			);
			mainGroup = B018E36F20B8643800CB0843;
			productRefGroup = B018E37920B8643800CB0843 /* Products */;
			projectDirPath = "";
			projectRoot = "";
			targets = (
				B018E37720B8643800CB0843 /* NewsFun */,
			);
		};
/* End PBXProject section */

/* Begin PBXResourcesBuildPhase section */
		B018E37620B8643800CB0843 /* Resources */ = {
			isa = PBXResourcesBuildPhase;
			buildActionMask = 2147483647;
			files = (
				B018E38620B8643A00CB0843 /* LaunchScreen.storyboard in Resources */,
				B018E38320B8643A00CB0843 /* Assets.xcassets in Resources */,
				B018E38120B8643800CB0843 /* Main.storyboard in Resources */,
			);
			runOnlyForDeploymentPostprocessing = 0;
		};
/* End PBXResourcesBuildPhase section */

/* Begin PBXShellScriptBuildPhase section */
		AB9851AFF06049A737CA3D99 /* [CP] Check Pods Manifest.lock */ = {
			isa = PBXShellScriptBuildPhase;
			buildActionMask = 2147483647;
			files = (
			);
			inputPaths = (
				"${PODS_PODFILE_DIR_PATH}/Podfile.lock",
				"${PODS_ROOT}/Manifest.lock",
			);
			name = "[CP] Check Pods Manifest.lock";
			outputPaths = (
				"$(DERIVED_FILE_DIR)/Pods-NewsFun-checkManifestLockResult.txt",
			);
			runOnlyForDeploymentPostprocessing = 0;
			shellPath = /bin/sh;
			shellScript = "diff \"${PODS_PODFILE_DIR_PATH}/Podfile.lock\" \"${PODS_ROOT}/Manifest.lock\" > /dev/null\nif [ $? != 0 ] ; then\n    # print error to STDERR\n    echo \"error: The sandbox is not in sync with the Podfile.lock. Run 'pod install' or update your CocoaPods installation.\" >&2\n    exit 1\nfi\n# This output is used by Xcode 'outputs' to avoid re-running this script phase.\necho \"SUCCESS\" > \"${SCRIPT_OUTPUT_FILE_0}\"\n";
			showEnvVarsInLog = 0;
		};
		B7D5F93998BAD7A0587F7885 /* [CP] Embed Pods Frameworks */ = {
			isa = PBXShellScriptBuildPhase;
			buildActionMask = 2147483647;
			files = (
			);
			inputPaths = (
				"${SRCROOT}/Pods/Target Support Files/Pods-NewsFun/Pods-NewsFun-frameworks.sh",
				"${BUILT_PRODUCTS_DIR}/Alamofire/Alamofire.framework",
				"${BUILT_PRODUCTS_DIR}/DocumentClassifier/DocumentClassifier.framework",
			);
			name = "[CP] Embed Pods Frameworks";
			outputPaths = (
				"${TARGET_BUILD_DIR}/${FRAMEWORKS_FOLDER_PATH}/Alamofire.framework",
				"${TARGET_BUILD_DIR}/${FRAMEWORKS_FOLDER_PATH}/DocumentClassifier.framework",
			);
			runOnlyForDeploymentPostprocessing = 0;
			shellPath = /bin/sh;
			shellScript = "\"${SRCROOT}/Pods/Target Support Files/Pods-NewsFun/Pods-NewsFun-frameworks.sh\"\n";
			showEnvVarsInLog = 0;
		};
/* End PBXShellScriptBuildPhase section */

/* Begin PBXSourcesBuildPhase section */
		B018E37420B8643800CB0843 /* Sources */ = {
			isa = PBXSourcesBuildPhase;
			buildActionMask = 2147483647;
			files = (
				B018E37C20B8643800CB0843 /* AppDelegate.swift in Sources */,
				B031B02020B8FF4900B4993B /* ArticleTableViewController.swift in Sources */,
				B031B02220B8FF5F00B4993B /* ArticleWebViewController.swift in Sources */,
				B031B01E20B8FDF800B4993B /* NewsHelper.swift in Sources */,
			);
			runOnlyForDeploymentPostprocessing = 0;
		};
/* End PBXSourcesBuildPhase section */

/* Begin PBXVariantGroup section */
		B018E37F20B8643800CB0843 /* Main.storyboard */ = {
			isa = PBXVariantGroup;
			children = (
				B018E38020B8643800CB0843 /* Base */,
			);
			name = Main.storyboard;
			sourceTree = "<group>";
		};
		B018E38420B8643A00CB0843 /* LaunchScreen.storyboard */ = {
			isa = PBXVariantGroup;
			children = (
				B018E38520B8643A00CB0843 /* Base */,
			);
			name = LaunchScreen.storyboard;
			sourceTree = "<group>";
		};
/* End PBXVariantGroup section */

/* Begin XCBuildConfiguration section */
		B018E38820B8643A00CB0843 /* Debug */ = {
			isa = XCBuildConfiguration;
			buildSettings = {
				ALWAYS_SEARCH_USER_PATHS = NO;
				CLANG_ANALYZER_NONNULL = YES;
				CLANG_ANALYZER_NUMBER_OBJECT_CONVERSION = YES_AGGRESSIVE;
				CLANG_CXX_LANGUAGE_STANDARD = "gnu++14";
				CLANG_CXX_LIBRARY = "libc++";
				CLANG_ENABLE_MODULES = YES;
				CLANG_ENABLE_OBJC_ARC = YES;
				CLANG_ENABLE_OBJC_WEAK = YES;
				CLANG_WARN_BLOCK_CAPTURE_AUTORELEASING = YES;
				CLANG_WARN_BOOL_CONVERSION = YES;
				CLANG_WARN_COMMA = YES;
				CLANG_WARN_CONSTANT_CONVERSION = YES;
				CLANG_WARN_DEPRECATED_OBJC_IMPLEMENTATIONS = YES;
				CLANG_WARN_DIRECT_OBJC_ISA_USAGE = YES_ERROR;
				CLANG_WARN_DOCUMENTATION_COMMENTS = YES;
				CLANG_WARN_EMPTY_BODY = YES;
				CLANG_WARN_ENUM_CONVERSION = YES;
				CLANG_WARN_INFINITE_RECURSION = YES;
				CLANG_WARN_INT_CONVERSION = YES;
				CLANG_WARN_NON_LITERAL_NULL_CONVERSION = YES;
				CLANG_WARN_OBJC_IMPLICIT_RETAIN_SELF = YES;
				CLANG_WARN_OBJC_LITERAL_CONVERSION = YES;
				CLANG_WARN_OBJC_ROOT_CLASS = YES_ERROR;
				CLANG_WARN_RANGE_LOOP_ANALYSIS = YES;
				CLANG_WARN_STRICT_PROTOTYPES = YES;
				CLANG_WARN_SUSPICIOUS_MOVE = YES;
				CLANG_WARN_UNGUARDED_AVAILABILITY = YES_AGGRESSIVE;
				CLANG_WARN_UNREACHABLE_CODE = YES;
				CLANG_WARN__DUPLICATE_METHOD_MATCH = YES;
				CODE_SIGN_IDENTITY = "iPhone Developer";
				COPY_PHASE_STRIP = NO;
				DEBUG_INFORMATION_FORMAT = dwarf;
				ENABLE_STRICT_OBJC_MSGSEND = YES;
				ENABLE_TESTABILITY = YES;
				GCC_C_LANGUAGE_STANDARD = gnu11;
				GCC_DYNAMIC_NO_PIC = NO;
				GCC_NO_COMMON_BLOCKS = YES;
				GCC_OPTIMIZATION_LEVEL = 0;
				GCC_PREPROCESSOR_DEFINITIONS = (
					"DEBUG=1",
					"$(inherited)",
				);
				GCC_WARN_64_TO_32_BIT_CONVERSION = YES;
				GCC_WARN_ABOUT_RETURN_TYPE = YES_ERROR;
				GCC_WARN_UNDECLARED_SELECTOR = YES;
				GCC_WARN_UNINITIALIZED_AUTOS = YES_AGGRESSIVE;
				GCC_WARN_UNUSED_FUNCTION = YES;
				GCC_WARN_UNUSED_VARIABLE = YES;
				IPHONEOS_DEPLOYMENT_TARGET = 11.3;
				MTL_ENABLE_DEBUG_INFO = YES;
				ONLY_ACTIVE_ARCH = YES;
				SDKROOT = iphoneos;
				SWIFT_ACTIVE_COMPILATION_CONDITIONS = DEBUG;
				SWIFT_OPTIMIZATION_LEVEL = "-Onone";
			};
			name = Debug;
		};
		B018E38920B8643A00CB0843 /* Release */ = {
			isa = XCBuildConfiguration;
			buildSettings = {
				ALWAYS_SEARCH_USER_PATHS = NO;
				CLANG_ANALYZER_NONNULL = YES;
				CLANG_ANALYZER_NUMBER_OBJECT_CONVERSION = YES_AGGRESSIVE;
				CLANG_CXX_LANGUAGE_STANDARD = "gnu++14";
				CLANG_CXX_LIBRARY = "libc++";
				CLANG_ENABLE_MODULES = YES;
				CLANG_ENABLE_OBJC_ARC = YES;
				CLANG_ENABLE_OBJC_WEAK = YES;
				CLANG_WARN_BLOCK_CAPTURE_AUTORELEASING = YES;
				CLANG_WARN_BOOL_CONVERSION = YES;
				CLANG_WARN_COMMA = YES;
				CLANG_WARN_CONSTANT_CONVERSION = YES;
				CLANG_WARN_DEPRECATED_OBJC_IMPLEMENTATIONS = YES;
				CLANG_WARN_DIRECT_OBJC_ISA_USAGE = YES_ERROR;
				CLANG_WARN_DOCUMENTATION_COMMENTS = YES;
				CLANG_WARN_EMPTY_BODY = YES;
				CLANG_WARN_ENUM_CONVERSION = YES;
				CLANG_WARN_INFINITE_RECURSION = YES;
				CLANG_WARN_INT_CONVERSION = YES;
				CLANG_WARN_NON_LITERAL_NULL_CONVERSION = YES;
				CLANG_WARN_OBJC_IMPLICIT_RETAIN_SELF = YES;
				CLANG_WARN_OBJC_LITERAL_CONVERSION = YES;
				CLANG_WARN_OBJC_ROOT_CLASS = YES_ERROR;
				CLANG_WARN_RANGE_LOOP_ANALYSIS = YES;
				CLANG_WARN_STRICT_PROTOTYPES = YES;
				CLANG_WARN_SUSPICIOUS_MOVE = YES;
				CLANG_WARN_UNGUARDED_AVAILABILITY = YES_AGGRESSIVE;
				CLANG_WARN_UNREACHABLE_CODE = YES;
				CLANG_WARN__DUPLICATE_METHOD_MATCH = YES;
				CODE_SIGN_IDENTITY = "iPhone Developer";
				COPY_PHASE_STRIP = NO;
				DEBUG_INFORMATION_FORMAT = "dwarf-with-dsym";
				ENABLE_NS_ASSERTIONS = NO;
				ENABLE_STRICT_OBJC_MSGSEND = YES;
				GCC_C_LANGUAGE_STANDARD = gnu11;
				GCC_NO_COMMON_BLOCKS = YES;
				GCC_WARN_64_TO_32_BIT_CONVERSION = YES;
				GCC_WARN_ABOUT_RETURN_TYPE = YES_ERROR;
				GCC_WARN_UNDECLARED_SELECTOR = YES;
				GCC_WARN_UNINITIALIZED_AUTOS = YES_AGGRESSIVE;
				GCC_WARN_UNUSED_FUNCTION = YES;
				GCC_WARN_UNUSED_VARIABLE = YES;
				IPHONEOS_DEPLOYMENT_TARGET = 11.3;
				MTL_ENABLE_DEBUG_INFO = NO;
				SDKROOT = iphoneos;
				SWIFT_COMPILATION_MODE = wholemodule;
				SWIFT_OPTIMIZATION_LEVEL = "-O";
				VALIDATE_PRODUCT = YES;
			};
			name = Release;
		};
		B018E38B20B8643A00CB0843 /* Debug */ = {
			isa = XCBuildConfiguration;
			baseConfigurationReference = FB2B9D20E085840B8328D19D /* Pods-NewsFun.debug.xcconfig */;
			buildSettings = {
				ASSETCATALOG_COMPILER_APPICON_NAME = AppIcon;
				CODE_SIGN_STYLE = Automatic;
				INFOPLIST_FILE = NewsFun/Info.plist;
				LD_RUNPATH_SEARCH_PATHS = (
					"$(inherited)",
					"@executable_path/Frameworks",
				);
				PRODUCT_BUNDLE_IDENTIFIER = com.rommelrico.NewsFun;
				PRODUCT_NAME = "$(TARGET_NAME)";
				SWIFT_VERSION = 4.0;
				TARGETED_DEVICE_FAMILY = "1,2";
			};
			name = Debug;
		};
		B018E38C20B8643A00CB0843 /* Release */ = {
			isa = XCBuildConfiguration;
			baseConfigurationReference = C57C6F242379F7F4DAA95EEB /* Pods-NewsFun.release.xcconfig */;
			buildSettings = {
				ASSETCATALOG_COMPILER_APPICON_NAME = AppIcon;
				CODE_SIGN_STYLE = Automatic;
				INFOPLIST_FILE = NewsFun/Info.plist;
				LD_RUNPATH_SEARCH_PATHS = (
					"$(inherited)",
					"@executable_path/Frameworks",
				);
				PRODUCT_BUNDLE_IDENTIFIER = com.rommelrico.NewsFun;
				PRODUCT_NAME = "$(TARGET_NAME)";
				SWIFT_VERSION = 4.0;
				TARGETED_DEVICE_FAMILY = "1,2";
			};
			name = Release;
		};
/* End XCBuildConfiguration section */

/* Begin XCConfigurationList section */
		B018E37320B8643800CB0843 /* Build configuration list for PBXProject "NewsFun" */ = {
			isa = XCConfigurationList;
			buildConfigurations = (
				B018E38820B8643A00CB0843 /* Debug */,
				B018E38920B8643A00CB0843 /* Release */,
			);
			defaultConfigurationIsVisible = 0;
			defaultConfigurationName = Release;
		};
		B018E38A20B8643A00CB0843 /* Build configuration list for PBXNativeTarget "NewsFun" */ = {
			isa = XCConfigurationList;
			buildConfigurations = (
				B018E38B20B8643A00CB0843 /* Debug */,
				B018E38C20B8643A00CB0843 /* Release */,
			);
			defaultConfigurationIsVisible = 0;
			defaultConfigurationName = Release;
		};
/* End XCConfigurationList section */
	};
	rootObject = B018E37020B8643800CB0843 /* Project object */;
}
